
Microsoft Visual Studio Solution File, Format Version 12.00
# Visual Studio Version 16
VisualStudioVersion = 16.0.31321.278
MinimumVisualStudioVersion = 10.0.40219.1
Project("{FAE04EC0-301F-11D3-BF4B-00C04F79EFBC}") = "Blood Bank Inventory Management Interface", "Blood Bank Inventory Management System\Blood Bank Inventory Management Interface\Blood Bank Inventory Management Interface.csproj", "{7FEB06D8-46B5-4A7F-9F9A-97D7F180C77F}"
EndProject
Global
	GlobalSection(SolutionConfigurationPlatforms) = preSolution
		Debug|Any CPU = Debug|Any CPU
		Release|Any CPU = Release|Any CPU
	EndGlobalSection
	GlobalSection(ProjectConfigurationPlatforms) = postSolution
		{7FEB06D8-46B5-4A7F-9F9A-97D7F180C77F}.Debug|Any CPU.ActiveCfg = Debug|Any CPU
		{7FEB06D8-46B5-4A7F-9F9A-97D7F180C77F}.Debug|Any CPU.Build.0 = Debug|Any CPU
		{7FEB06D8-46B5-4A7F-9F9A-97D7F180C77F}.Release|Any CPU.ActiveCfg = Release|Any CPU
		{7FEB06D8-46B5-4A7F-9F9A-97D7F180C77F}.Release|Any CPU.Build.0 = Release|Any CPU
	EndGlobalSection
	GlobalSection(SolutionProperties) = preSolution
		HideSolutionNode = FALSE
	EndGlobalSection
	GlobalSection(ExtensibilityGlobals) = postSolution
		SolutionGuid = {3E039302-472C-43A6-8D57-9CACD99797AC}
	EndGlobalSection
EndGlobal
